
Microsoft Visual Studio Solution File, Format Version 12.00
# Visual Studio Version 17
VisualStudioVersion = 17.4.33110.190
MinimumVisualStudioVersion = 10.0.40219.1
Project("{FAE04EC0-301F-11D3-BF4B-00C04F79EFBC}") = "Questao05", "Questao05\Questao05.csproj", "{0ACB2801-F4EE-4395-9461-E11DE71A81BC}"
EndProject
Global
	GlobalSection(SolutionConfigurationPlatforms) = preSolution
		Debug|Any CPU = Debug|Any CPU
		Release|Any CPU = Release|Any CPU
	EndGlobalSection
	GlobalSection(ProjectConfigurationPlatforms) = postSolution
		{0ACB2801-F4EE-4395-9461-E11DE71A81BC}.Debug|Any CPU.ActiveCfg = Debug|Any CPU
		{0ACB2801-F4EE-4395-9461-E11DE71A81BC}.Debug|Any CPU.Build.0 = Debug|Any CPU
		{0ACB2801-F4EE-4395-9461-E11DE71A81BC}.Release|Any CPU.ActiveCfg = Release|Any CPU
		{0ACB2801-F4EE-4395-9461-E11DE71A81BC}.Release|Any CPU.Build.0 = Release|Any CPU
	EndGlobalSection
	GlobalSection(SolutionProperties) = preSolution
		HideSolutionNode = FALSE
	EndGlobalSection
	GlobalSection(ExtensibilityGlobals) = postSolution
		SolutionGuid = {73D1C884-89AC-4AF3-BB58-D1D2191F34D2}
	EndGlobalSection
EndGlobal
